
Microsoft Visual Studio Solution File, Format Version 12.00
# Visual Studio Version 16
VisualStudioVersion = 16.0.33801.447
MinimumVisualStudioVersion = 10.0.40219.1
Project("{FAE04EC0-301F-11D3-BF4B-00C04F79EFBC}") = "AuthApp", "AuthApp\AuthApp.csproj", "{ED0F4EEF-C0D9-48FA-8705-7F3D7181F8C1}"
EndProject
Global
	GlobalSection(SolutionConfigurationPlatforms) = preSolution
		Debug|Any CPU = Debug|Any CPU
		Release|Any CPU = Release|Any CPU
	EndGlobalSection
	GlobalSection(ProjectConfigurationPlatforms) = postSolution
		{ED0F4EEF-C0D9-48FA-8705-7F3D7181F8C1}.Debug|Any CPU.ActiveCfg = Debug|Any CPU
		{ED0F4EEF-C0D9-48FA-8705-7F3D7181F8C1}.Debug|Any CPU.Build.0 = Debug|Any CPU
		{ED0F4EEF-C0D9-48FA-8705-7F3D7181F8C1}.Release|Any CPU.ActiveCfg = Release|Any CPU
		{ED0F4EEF-C0D9-48FA-8705-7F3D7181F8C1}.Release|Any CPU.Build.0 = Release|Any CPU
	EndGlobalSection
	GlobalSection(SolutionProperties) = preSolution
		HideSolutionNode = FALSE
	EndGlobalSection
	GlobalSection(ExtensibilityGlobals) = postSolution
		SolutionGuid = {27B61678-3891-4C03-B5AC-003A3BBB359B}
	EndGlobalSection
EndGlobal
